
Microsoft Visual Studio Solution File, Format Version 12.00
# Visual Studio Version 17
VisualStudioVersion = 17.8.34316.72
MinimumVisualStudioVersion = 10.0.40219.1
Project("{9A19103F-16F7-4668-BE54-9A1E7A4F7556}") = "Todo.Domain", "Todo.Domain\Todo.Domain.csproj", "{A292AD74-4C69-430D-B74D-6BD9A1B31A73}"
EndProject
Project("{9A19103F-16F7-4668-BE54-9A1E7A4F7556}") = "Todo.Infrastructure", "Todo.Infrastructure\Todo.Infrastructure.csproj", "{2E6222B6-537F-4B23-B915-E948B9468794}"
EndProject
Project("{9A19103F-16F7-4668-BE54-9A1E7A4F7556}") = "Todo.Application", "Todo.Application\Todo.Application.csproj", "{9F4F6BD2-7AE0-406B-9091-F2B56663E2C0}"
EndProject
Project("{9A19103F-16F7-4668-BE54-9A1E7A4F7556}") = "Todo.Api", "Todo.Api\Todo.Api.csproj", "{AD3EB01F-FA40-42B3-8FD2-DDE2B0D4961A}"
EndProject
Project("{9A19103F-16F7-4668-BE54-9A1E7A4F7556}") = "Todo.TestConsole", "Todo.TestConsole\Todo.TestConsole.csproj", "{B8369114-55D1-4214-9AB8-52D526418910}"
EndProject
Project("{9A19103F-16F7-4668-BE54-9A1E7A4F7556}") = "Todo.Application.Tests", "Todo.Application.Tests\Todo.Application.Tests.csproj", "{13DE5FBA-76D4-4A2B-B0D8-DD0A5D174ABB}"
EndProject
Project("{FAE04EC0-301F-11D3-BF4B-00C04F79EFBC}") = "Todo.Infrastructure.Tests", "Todo.Infrastructure.Tests\Todo.Infrastructure.Tests.csproj", "{A4996B80-ADC9-44B4-9195-DAAF749E3D88}"
EndProject
Global
	GlobalSection(SolutionConfigurationPlatforms) = preSolution
		Debug|Any CPU = Debug|Any CPU
		Release|Any CPU = Release|Any CPU
	EndGlobalSection
	GlobalSection(ProjectConfigurationPlatforms) = postSolution
		{A292AD74-4C69-430D-B74D-6BD9A1B31A73}.Debug|Any CPU.ActiveCfg = Debug|Any CPU
		{A292AD74-4C69-430D-B74D-6BD9A1B31A73}.Debug|Any CPU.Build.0 = Debug|Any CPU
		{A292AD74-4C69-430D-B74D-6BD9A1B31A73}.Release|Any CPU.ActiveCfg = Release|Any CPU
		{A292AD74-4C69-430D-B74D-6BD9A1B31A73}.Release|Any CPU.Build.0 = Release|Any CPU
		{2E6222B6-537F-4B23-B915-E948B9468794}.Debug|Any CPU.ActiveCfg = Debug|Any CPU
		{2E6222B6-537F-4B23-B915-E948B9468794}.Debug|Any CPU.Build.0 = Debug|Any CPU
		{2E6222B6-537F-4B23-B915-E948B9468794}.Release|Any CPU.ActiveCfg = Release|Any CPU
		{2E6222B6-537F-4B23-B915-E948B9468794}.Release|Any CPU.Build.0 = Release|Any CPU
		{9F4F6BD2-7AE0-406B-9091-F2B56663E2C0}.Debug|Any CPU.ActiveCfg = Debug|Any CPU
		{9F4F6BD2-7AE0-406B-9091-F2B56663E2C0}.Debug|Any CPU.Build.0 = Debug|Any CPU
		{9F4F6BD2-7AE0-406B-9091-F2B56663E2C0}.Release|Any CPU.ActiveCfg = Release|Any CPU
		{9F4F6BD2-7AE0-406B-9091-F2B56663E2C0}.Release|Any CPU.Build.0 = Release|Any CPU
		{AD3EB01F-FA40-42B3-8FD2-DDE2B0D4961A}.Debug|Any CPU.ActiveCfg = Debug|Any CPU
		{AD3EB01F-FA40-42B3-8FD2-DDE2B0D4961A}.Debug|Any CPU.Build.0 = Debug|Any CPU
		{AD3EB01F-FA40-42B3-8FD2-DDE2B0D4961A}.Release|Any CPU.ActiveCfg = Release|Any CPU
		{AD3EB01F-FA40-42B3-8FD2-DDE2B0D4961A}.Release|Any CPU.Build.0 = Release|Any CPU
		{B8369114-55D1-4214-9AB8-52D526418910}.Debug|Any CPU.ActiveCfg = Debug|Any CPU
		{B8369114-55D1-4214-9AB8-52D526418910}.Debug|Any CPU.Build.0 = Debug|Any CPU
		{B8369114-55D1-4214-9AB8-52D526418910}.Release|Any CPU.ActiveCfg = Release|Any CPU
		{B8369114-55D1-4214-9AB8-52D526418910}.Release|Any CPU.Build.0 = Release|Any CPU
		{13DE5FBA-76D4-4A2B-B0D8-DD0A5D174ABB}.Debug|Any CPU.ActiveCfg = Debug|Any CPU
		{13DE5FBA-76D4-4A2B-B0D8-DD0A5D174ABB}.Debug|Any CPU.Build.0 = Debug|Any CPU
		{13DE5FBA-76D4-4A2B-B0D8-DD0A5D174ABB}.Release|Any CPU.ActiveCfg = Release|Any CPU
		{13DE5FBA-76D4-4A2B-B0D8-DD0A5D174ABB}.Release|Any CPU.Build.0 = Release|Any CPU
		{A4996B80-ADC9-44B4-9195-DAAF749E3D88}.Debug|Any CPU.ActiveCfg = Debug|Any CPU
		{A4996B80-ADC9-44B4-9195-DAAF749E3D88}.Debug|Any CPU.Build.0 = Debug|Any CPU
		{A4996B80-ADC9-44B4-9195-DAAF749E3D88}.Release|Any CPU.ActiveCfg = Release|Any CPU
		{A4996B80-ADC9-44B4-9195-DAAF749E3D88}.Release|Any CPU.Build.0 = Release|Any CPU
	EndGlobalSection
	GlobalSection(SolutionProperties) = preSolution
		HideSolutionNode = FALSE
	EndGlobalSection
	GlobalSection(ExtensibilityGlobals) = postSolution
		SolutionGuid = {CEFBB605-7126-46A4-863A-23AA86CD2C9E}
	EndGlobalSection
EndGlobal
